
Microsoft Visual Studio Solution File, Format Version 12.00
# Visual Studio Version 17
VisualStudioVersion = 17.10.35004.147
MinimumVisualStudioVersion = 10.0.40219.1
Project("{FAE04EC0-301F-11D3-BF4B-00C04F79EFBC}") = "BanksystemOOP", "BanksystemOOP\BanksystemOOP.csproj", "{D882F02F-6A2E-4058-A5BB-636AE37C28D0}"
EndProject
Global
	GlobalSection(SolutionConfigurationPlatforms) = preSolution
		Debug|Any CPU = Debug|Any CPU
		Release|Any CPU = Release|Any CPU
	EndGlobalSection
	GlobalSection(ProjectConfigurationPlatforms) = postSolution
		{D882F02F-6A2E-4058-A5BB-636AE37C28D0}.Debug|Any CPU.ActiveCfg = Debug|Any CPU
		{D882F02F-6A2E-4058-A5BB-636AE37C28D0}.Debug|Any CPU.Build.0 = Debug|Any CPU
		{D882F02F-6A2E-4058-A5BB-636AE37C28D0}.Release|Any CPU.ActiveCfg = Release|Any CPU
		{D882F02F-6A2E-4058-A5BB-636AE37C28D0}.Release|Any CPU.Build.0 = Release|Any CPU
	EndGlobalSection
	GlobalSection(SolutionProperties) = preSolution
		HideSolutionNode = FALSE
	EndGlobalSection
	GlobalSection(ExtensibilityGlobals) = postSolution
		SolutionGuid = {7DE2CD31-E29C-4AB1-B85A-011325E453D9}
	EndGlobalSection
EndGlobal
